
Microsoft Visual Studio Solution File, Format Version 12.00
# Visual Studio Version 17
VisualStudioVersion = 17.0.31903.59
MinimumVisualStudioVersion = 10.0.40219.1
Project("{9A19103F-16F7-4668-BE54-9A1E7A4F7556}") = "IoC-DI-demo", "IoC-DI-demo.csproj", "{338D2526-031F-4D0E-99B1-675E582CACFD}"
EndProject
Global
	GlobalSection(SolutionConfigurationPlatforms) = preSolution
		Debug|Any CPU = Debug|Any CPU
		Release|Any CPU = Release|Any CPU
	EndGlobalSection
	GlobalSection(ProjectConfigurationPlatforms) = postSolution
		{338D2526-031F-4D0E-99B1-675E582CACFD}.Debug|Any CPU.ActiveCfg = Debug|Any CPU
		{338D2526-031F-4D0E-99B1-675E582CACFD}.Debug|Any CPU.Build.0 = Debug|Any CPU
		{338D2526-031F-4D0E-99B1-675E582CACFD}.Release|Any CPU.ActiveCfg = Release|Any CPU
		{338D2526-031F-4D0E-99B1-675E582CACFD}.Release|Any CPU.Build.0 = Release|Any CPU
	EndGlobalSection
	GlobalSection(SolutionProperties) = preSolution
		HideSolutionNode = FALSE
	EndGlobalSection
	GlobalSection(ExtensibilityGlobals) = postSolution
		SolutionGuid = {3F0CAB99-C175-4848-8235-FB4B2317BFD5}
	EndGlobalSection
EndGlobal
